
Microsoft Visual Studio Solution File, Format Version 12.00
# Visual Studio Version 17
VisualStudioVersion = 17.14.36327.8
MinimumVisualStudioVersion = 10.0.40219.1
Project("{FAE04EC0-301F-11D3-BF4B-00C04F79EFBC}") = "gestionViajes", "gestionViajes.csproj", "{9CD10FBF-DDEE-49E6-85BE-F2F8AD30C90C}"
EndProject
Project("{FAE04EC0-301F-11D3-BF4B-00C04F79EFBC}") = "consola", "..\front\consola.csproj", "{380FC597-CA8C-4C96-8376-CCD40F4B76C2}"
EndProject
Global
	GlobalSection(SolutionConfigurationPlatforms) = preSolution
		Debug|Any CPU = Debug|Any CPU
		Release|Any CPU = Release|Any CPU
	EndGlobalSection
	GlobalSection(ProjectConfigurationPlatforms) = postSolution
		{9CD10FBF-DDEE-49E6-85BE-F2F8AD30C90C}.Debug|Any CPU.ActiveCfg = Debug|Any CPU
		{9CD10FBF-DDEE-49E6-85BE-F2F8AD30C90C}.Debug|Any CPU.Build.0 = Debug|Any CPU
		{9CD10FBF-DDEE-49E6-85BE-F2F8AD30C90C}.Release|Any CPU.ActiveCfg = Release|Any CPU
		{9CD10FBF-DDEE-49E6-85BE-F2F8AD30C90C}.Release|Any CPU.Build.0 = Release|Any CPU
		{380FC597-CA8C-4C96-8376-CCD40F4B76C2}.Debug|Any CPU.ActiveCfg = Debug|Any CPU
		{380FC597-CA8C-4C96-8376-CCD40F4B76C2}.Debug|Any CPU.Build.0 = Debug|Any CPU
		{380FC597-CA8C-4C96-8376-CCD40F4B76C2}.Release|Any CPU.ActiveCfg = Release|Any CPU
		{380FC597-CA8C-4C96-8376-CCD40F4B76C2}.Release|Any CPU.Build.0 = Release|Any CPU
	EndGlobalSection
	GlobalSection(SolutionProperties) = preSolution
		HideSolutionNode = FALSE
	EndGlobalSection
	GlobalSection(ExtensibilityGlobals) = postSolution
		SolutionGuid = {B4D245D4-7D99-4E48-AFB0-8F86FBDF25A4}
	EndGlobalSection
EndGlobal
